
Microsoft Visual Studio Solution File, Format Version 12.00
# Visual Studio Version 17
VisualStudioVersion = 17.4.33403.182
MinimumVisualStudioVersion = 10.0.40219.1
Project("{9A19103F-16F7-4668-BE54-9A1E7A4F7556}") = "Contoso.EpsonFP90IIISample.CommerceRuntime", "CommerceRuntime\Contoso.EpsonFP90IIISample.CommerceRuntime.csproj", "{13AB62FA-3028-455D-AF05-BAE0B0FFE19F}"
EndProject
Project("{9A19103F-16F7-4668-BE54-9A1E7A4F7556}") = "Contoso.EpsonFP90IIISample.HardwareStation", "HardwareStation\Contoso.EpsonFP90IIISample.HardwareStation.csproj", "{72CB1AC9-50EC-4A7F-B8DD-8A72D2EC2B05}"
EndProject
Project("{9A19103F-16F7-4668-BE54-9A1E7A4F7556}") = "Contoso.EpsonFP90IIISample.HardwareStation.Installer", "HardwareStation.Installer\Contoso.EpsonFP90IIISample.HardwareStation.Installer.csproj", "{8ADCE7C1-31B6-430B-B585-A48B44572219}"
EndProject
Project("{9A19103F-16F7-4668-BE54-9A1E7A4F7556}") = "Contoso.EpsonFP90IIISample.ScaleUnit.Installer", "ScaleUnit.Installer\Contoso.EpsonFP90IIISample.ScaleUnit.Installer.csproj", "{23F9D46E-4C58-4701-82C6-7EAE862C7F29}"
EndProject
Project("{9A19103F-16F7-4668-BE54-9A1E7A4F7556}") = "Contoso.EpsonFP90IIISample.StoreCommerce.Installer", "StoreCommerce.Installer\Contoso.EpsonFP90IIISample.StoreCommerce.Installer.csproj", "{3FFB943E-3057-48A8-B6CB-6C63EFE461EB}"
EndProject
Project("{9A19103F-16F7-4668-BE54-9A1E7A4F7556}") = "Contoso.EpsonFP90IIISample.ScaleUnit", "ScaleUnit\Contoso.EpsonFP90IIISample.ScaleUnit.csproj", "{B38E7B8E-D38F-4232-8B76-27185464B52A}"
EndProject
Global
	GlobalSection(SolutionConfigurationPlatforms) = preSolution
		Debug|Any CPU = Debug|Any CPU
		Debug|x86 = Debug|x86
		Release|Any CPU = Release|Any CPU
		Release|x86 = Release|x86
	EndGlobalSection
	GlobalSection(ProjectConfigurationPlatforms) = postSolution
		{13AB62FA-3028-455D-AF05-BAE0B0FFE19F}.Debug|Any CPU.ActiveCfg = Debug|Any CPU
		{13AB62FA-3028-455D-AF05-BAE0B0FFE19F}.Debug|Any CPU.Build.0 = Debug|Any CPU
		{13AB62FA-3028-455D-AF05-BAE0B0FFE19F}.Debug|x86.ActiveCfg = Debug|Any CPU
		{13AB62FA-3028-455D-AF05-BAE0B0FFE19F}.Debug|x86.Build.0 = Debug|Any CPU
		{13AB62FA-3028-455D-AF05-BAE0B0FFE19F}.Release|Any CPU.ActiveCfg = Release|Any CPU
		{13AB62FA-3028-455D-AF05-BAE0B0FFE19F}.Release|Any CPU.Build.0 = Release|Any CPU
		{13AB62FA-3028-455D-AF05-BAE0B0FFE19F}.Release|x86.ActiveCfg = Release|Any CPU
		{13AB62FA-3028-455D-AF05-BAE0B0FFE19F}.Release|x86.Build.0 = Release|Any CPU
		{72CB1AC9-50EC-4A7F-B8DD-8A72D2EC2B05}.Debug|Any CPU.ActiveCfg = Debug|Any CPU
		{72CB1AC9-50EC-4A7F-B8DD-8A72D2EC2B05}.Debug|Any CPU.Build.0 = Debug|Any CPU
		{72CB1AC9-50EC-4A7F-B8DD-8A72D2EC2B05}.Debug|x86.ActiveCfg = Debug|Any CPU
		{72CB1AC9-50EC-4A7F-B8DD-8A72D2EC2B05}.Debug|x86.Build.0 = Debug|Any CPU
		{72CB1AC9-50EC-4A7F-B8DD-8A72D2EC2B05}.Release|Any CPU.ActiveCfg = Release|Any CPU
		{72CB1AC9-50EC-4A7F-B8DD-8A72D2EC2B05}.Release|Any CPU.Build.0 = Release|Any CPU
		{72CB1AC9-50EC-4A7F-B8DD-8A72D2EC2B05}.Release|x86.ActiveCfg = Release|Any CPU
		{72CB1AC9-50EC-4A7F-B8DD-8A72D2EC2B05}.Release|x86.Build.0 = Release|Any CPU
		{8ADCE7C1-31B6-430B-B585-A48B44572219}.Debug|Any CPU.ActiveCfg = Debug|Any CPU
		{8ADCE7C1-31B6-430B-B585-A48B44572219}.Debug|Any CPU.Build.0 = Debug|Any CPU
		{8ADCE7C1-31B6-430B-B585-A48B44572219}.Debug|x86.ActiveCfg = Debug|Any CPU
		{8ADCE7C1-31B6-430B-B585-A48B44572219}.Debug|x86.Build.0 = Debug|Any CPU
		{8ADCE7C1-31B6-430B-B585-A48B44572219}.Release|Any CPU.ActiveCfg = Release|Any CPU
		{8ADCE7C1-31B6-430B-B585-A48B44572219}.Release|Any CPU.Build.0 = Release|Any CPU
		{8ADCE7C1-31B6-430B-B585-A48B44572219}.Release|x86.ActiveCfg = Release|Any CPU
		{8ADCE7C1-31B6-430B-B585-A48B44572219}.Release|x86.Build.0 = Release|Any CPU
		{23F9D46E-4C58-4701-82C6-7EAE862C7F29}.Debug|Any CPU.ActiveCfg = Debug|Any CPU
		{23F9D46E-4C58-4701-82C6-7EAE862C7F29}.Debug|Any CPU.Build.0 = Debug|Any CPU
		{23F9D46E-4C58-4701-82C6-7EAE862C7F29}.Debug|x86.ActiveCfg = Debug|Any CPU
		{23F9D46E-4C58-4701-82C6-7EAE862C7F29}.Debug|x86.Build.0 = Debug|Any CPU
		{23F9D46E-4C58-4701-82C6-7EAE862C7F29}.Release|Any CPU.ActiveCfg = Release|Any CPU
		{23F9D46E-4C58-4701-82C6-7EAE862C7F29}.Release|Any CPU.Build.0 = Release|Any CPU
		{23F9D46E-4C58-4701-82C6-7EAE862C7F29}.Release|x86.ActiveCfg = Release|Any CPU
		{23F9D46E-4C58-4701-82C6-7EAE862C7F29}.Release|x86.Build.0 = Release|Any CPU
		{3FFB943E-3057-48A8-B6CB-6C63EFE461EB}.Debug|Any CPU.ActiveCfg = Debug|Any CPU
		{3FFB943E-3057-48A8-B6CB-6C63EFE461EB}.Debug|Any CPU.Build.0 = Debug|Any CPU
		{3FFB943E-3057-48A8-B6CB-6C63EFE461EB}.Debug|x86.ActiveCfg = Debug|Any CPU
		{3FFB943E-3057-48A8-B6CB-6C63EFE461EB}.Debug|x86.Build.0 = Debug|Any CPU
		{3FFB943E-3057-48A8-B6CB-6C63EFE461EB}.Release|Any CPU.ActiveCfg = Release|Any CPU
		{3FFB943E-3057-48A8-B6CB-6C63EFE461EB}.Release|Any CPU.Build.0 = Release|Any CPU
		{3FFB943E-3057-48A8-B6CB-6C63EFE461EB}.Release|x86.ActiveCfg = Release|Any CPU
		{3FFB943E-3057-48A8-B6CB-6C63EFE461EB}.Release|x86.Build.0 = Release|Any CPU
		{B38E7B8E-D38F-4232-8B76-27185464B52A}.Debug|Any CPU.ActiveCfg = Debug|Any CPU
		{B38E7B8E-D38F-4232-8B76-27185464B52A}.Debug|Any CPU.Build.0 = Debug|Any CPU
		{B38E7B8E-D38F-4232-8B76-27185464B52A}.Debug|x86.ActiveCfg = Debug|Any CPU
		{B38E7B8E-D38F-4232-8B76-27185464B52A}.Debug|x86.Build.0 = Debug|Any CPU
		{B38E7B8E-D38F-4232-8B76-27185464B52A}.Release|Any CPU.ActiveCfg = Release|Any CPU
		{B38E7B8E-D38F-4232-8B76-27185464B52A}.Release|Any CPU.Build.0 = Release|Any CPU
		{B38E7B8E-D38F-4232-8B76-27185464B52A}.Release|x86.ActiveCfg = Release|Any CPU
		{B38E7B8E-D38F-4232-8B76-27185464B52A}.Release|x86.Build.0 = Release|Any CPU
	EndGlobalSection
	GlobalSection(SolutionProperties) = preSolution
		HideSolutionNode = FALSE
	EndGlobalSection
	GlobalSection(ExtensibilityGlobals) = postSolution
		SolutionGuid = {DDF637BE-6C07-4E56-A5ED-A14BC41D307D}
	EndGlobalSection
EndGlobal
