
Microsoft Visual Studio Solution File, Format Version 12.00
# Visual Studio Version 16
VisualStudioVersion = 16.0.31410.357
MinimumVisualStudioVersion = 10.0.40219.1
Project("{9A19103F-16F7-4668-BE54-9A1E7A4F7556}") = "DocumentProvider.SequentialSignatureNorwaySample", "CommerceRuntime\DocumentProvider.SequentialSignatureNorwaySample\DocumentProvider.SequentialSignatureNorwaySample.csproj", "{2A6751D6-2B8C-4232-BE1C-7D772442F491}"
EndProject
Project("{9A19103F-16F7-4668-BE54-9A1E7A4F7556}") = "Connector.SequentialSignatureNorwaySample", "CommerceRuntime\Connector.SequentialSignatureNorwaySample\Connector.SequentialSignatureNorwaySample.csproj", "{502E94A4-80F0-40DD-A3F8-FF759972C0F8}"
EndProject
Global
	GlobalSection(SolutionConfigurationPlatforms) = preSolution
		Debug|Any CPU = Debug|Any CPU
		Release|Any CPU = Release|Any CPU
	EndGlobalSection
	GlobalSection(ProjectConfigurationPlatforms) = postSolution
		{2A6751D6-2B8C-4232-BE1C-7D772442F491}.Debug|Any CPU.ActiveCfg = Debug|Any CPU
		{2A6751D6-2B8C-4232-BE1C-7D772442F491}.Debug|Any CPU.Build.0 = Debug|Any CPU
		{2A6751D6-2B8C-4232-BE1C-7D772442F491}.Release|Any CPU.ActiveCfg = Release|Any CPU
		{2A6751D6-2B8C-4232-BE1C-7D772442F491}.Release|Any CPU.Build.0 = Release|Any CPU
		{502E94A4-80F0-40DD-A3F8-FF759972C0F8}.Debug|Any CPU.ActiveCfg = Debug|Any CPU
		{502E94A4-80F0-40DD-A3F8-FF759972C0F8}.Debug|Any CPU.Build.0 = Debug|Any CPU
		{502E94A4-80F0-40DD-A3F8-FF759972C0F8}.Release|Any CPU.ActiveCfg = Release|Any CPU
		{502E94A4-80F0-40DD-A3F8-FF759972C0F8}.Release|Any CPU.Build.0 = Release|Any CPU
	EndGlobalSection
	GlobalSection(SolutionProperties) = preSolution
		HideSolutionNode = FALSE
	EndGlobalSection
	GlobalSection(ExtensibilityGlobals) = postSolution
		SolutionGuid = {380D4461-CF1D-44DA-910A-640A81CE27F5}
	EndGlobalSection
EndGlobal
