
Microsoft Visual Studio Solution File, Format Version 12.00
# Visual Studio 15
VisualStudioVersion = 15.0.28307.1622
MinimumVisualStudioVersion = 10.0.40219.1
Project("{9A19103F-16F7-4668-BE54-9A1E7A4F7556}") = "Contoso.SequentialSignatureNorwaySample.CommerceRuntime.DocumentProvider", "CommerceRuntime.DocumentProvider\Contoso.SequentialSignatureNorwaySample.CommerceRuntime.DocumentProvider.csproj", "{2A6751D6-2B8C-4232-BE1C-7D772442F491}"
EndProject
Project("{9A19103F-16F7-4668-BE54-9A1E7A4F7556}") = "Contoso.SequentialSignatureNorwaySample.CommerceRuntime.Connector", "CommerceRuntime.Connector\Contoso.SequentialSignatureNorwaySample.CommerceRuntime.Connector.csproj", "{502E94A4-80F0-40DD-A3F8-FF759972C0F8}"
EndProject
Project("{9A19103F-16F7-4668-BE54-9A1E7A4F7556}") = "Contoso.SequentialSignatureNorwaySample.ScaleUnit.Installer", "ScaleUnit.Installer\Contoso.SequentialSignatureNorwaySample.ScaleUnit.Installer.csproj", "{81A9F252-C2D8-4BAB-B4A9-218EDEF673CC}"
EndProject
Project("{9A19103F-16F7-4668-BE54-9A1E7A4F7556}") = "Contoso.SequentialSignatureNorwaySample.StoreCommerce.Installer", "StoreCommerce.Installer\Contoso.SequentialSignatureNorwaySample.StoreCommerce.Installer.csproj", "{72636B28-56C2-4F6B-BB69-01BED9D180F6}"
EndProject
Project("{9A19103F-16F7-4668-BE54-9A1E7A4F7556}") = "Contoso.SequentialSignatureNorwaySample.ScaleUnit", "ScaleUnit\Contoso.SequentialSignatureNorwaySample.ScaleUnit.csproj", "{743F2260-FE4D-403C-B593-5709DEB83C37}"
EndProject
Global
	GlobalSection(SolutionConfigurationPlatforms) = preSolution
		Debug|Any CPU = Debug|Any CPU
		Debug|x86 = Debug|x86
		Release|Any CPU = Release|Any CPU
		Release|x86 = Release|x86
	EndGlobalSection
	GlobalSection(ProjectConfigurationPlatforms) = postSolution
		{2A6751D6-2B8C-4232-BE1C-7D772442F491}.Debug|Any CPU.ActiveCfg = Debug|Any CPU
		{2A6751D6-2B8C-4232-BE1C-7D772442F491}.Debug|Any CPU.Build.0 = Debug|Any CPU
		{2A6751D6-2B8C-4232-BE1C-7D772442F491}.Debug|x86.ActiveCfg = Debug|Any CPU
		{2A6751D6-2B8C-4232-BE1C-7D772442F491}.Debug|x86.Build.0 = Debug|Any CPU
		{2A6751D6-2B8C-4232-BE1C-7D772442F491}.Release|Any CPU.ActiveCfg = Debug|Any CPU
		{2A6751D6-2B8C-4232-BE1C-7D772442F491}.Release|Any CPU.Build.0 = Debug|Any CPU
		{2A6751D6-2B8C-4232-BE1C-7D772442F491}.Release|x86.ActiveCfg = Debug|Any CPU
		{2A6751D6-2B8C-4232-BE1C-7D772442F491}.Release|x86.Build.0 = Debug|Any CPU
		{502E94A4-80F0-40DD-A3F8-FF759972C0F8}.Debug|Any CPU.ActiveCfg = Debug|Any CPU
		{502E94A4-80F0-40DD-A3F8-FF759972C0F8}.Debug|Any CPU.Build.0 = Debug|Any CPU
		{502E94A4-80F0-40DD-A3F8-FF759972C0F8}.Debug|x86.ActiveCfg = Debug|Any CPU
		{502E94A4-80F0-40DD-A3F8-FF759972C0F8}.Debug|x86.Build.0 = Debug|Any CPU
		{502E94A4-80F0-40DD-A3F8-FF759972C0F8}.Release|Any CPU.ActiveCfg = Debug|Any CPU
		{502E94A4-80F0-40DD-A3F8-FF759972C0F8}.Release|Any CPU.Build.0 = Debug|Any CPU
		{502E94A4-80F0-40DD-A3F8-FF759972C0F8}.Release|x86.ActiveCfg = Debug|Any CPU
		{502E94A4-80F0-40DD-A3F8-FF759972C0F8}.Release|x86.Build.0 = Debug|Any CPU
		{81A9F252-C2D8-4BAB-B4A9-218EDEF673CC}.Debug|Any CPU.ActiveCfg = Debug|Any CPU
		{81A9F252-C2D8-4BAB-B4A9-218EDEF673CC}.Debug|Any CPU.Build.0 = Debug|Any CPU
		{81A9F252-C2D8-4BAB-B4A9-218EDEF673CC}.Debug|x86.ActiveCfg = Debug|Any CPU
		{81A9F252-C2D8-4BAB-B4A9-218EDEF673CC}.Debug|x86.Build.0 = Debug|Any CPU
		{81A9F252-C2D8-4BAB-B4A9-218EDEF673CC}.Release|Any CPU.ActiveCfg = Debug|Any CPU
		{81A9F252-C2D8-4BAB-B4A9-218EDEF673CC}.Release|Any CPU.Build.0 = Debug|Any CPU
		{81A9F252-C2D8-4BAB-B4A9-218EDEF673CC}.Release|x86.ActiveCfg = Debug|Any CPU
		{81A9F252-C2D8-4BAB-B4A9-218EDEF673CC}.Release|x86.Build.0 = Debug|Any CPU
		{72636B28-56C2-4F6B-BB69-01BED9D180F6}.Debug|Any CPU.ActiveCfg = Debug|Any CPU
		{72636B28-56C2-4F6B-BB69-01BED9D180F6}.Debug|Any CPU.Build.0 = Debug|Any CPU
		{72636B28-56C2-4F6B-BB69-01BED9D180F6}.Debug|x86.ActiveCfg = Debug|Any CPU
		{72636B28-56C2-4F6B-BB69-01BED9D180F6}.Debug|x86.Build.0 = Debug|Any CPU
		{72636B28-56C2-4F6B-BB69-01BED9D180F6}.Release|Any CPU.ActiveCfg = Debug|Any CPU
		{72636B28-56C2-4F6B-BB69-01BED9D180F6}.Release|Any CPU.Build.0 = Debug|Any CPU
		{72636B28-56C2-4F6B-BB69-01BED9D180F6}.Release|x86.ActiveCfg = Debug|Any CPU
		{72636B28-56C2-4F6B-BB69-01BED9D180F6}.Release|x86.Build.0 = Debug|Any CPU
		{743F2260-FE4D-403C-B593-5709DEB83C37}.Debug|Any CPU.ActiveCfg = Debug|Any CPU
		{743F2260-FE4D-403C-B593-5709DEB83C37}.Debug|Any CPU.Build.0 = Debug|Any CPU
		{743F2260-FE4D-403C-B593-5709DEB83C37}.Debug|x86.ActiveCfg = Debug|Any CPU
		{743F2260-FE4D-403C-B593-5709DEB83C37}.Debug|x86.Build.0 = Debug|Any CPU
		{743F2260-FE4D-403C-B593-5709DEB83C37}.Release|Any CPU.ActiveCfg = Release|Any CPU
		{743F2260-FE4D-403C-B593-5709DEB83C37}.Release|Any CPU.Build.0 = Release|Any CPU
		{743F2260-FE4D-403C-B593-5709DEB83C37}.Release|x86.ActiveCfg = Release|Any CPU
		{743F2260-FE4D-403C-B593-5709DEB83C37}.Release|x86.Build.0 = Release|Any CPU
	EndGlobalSection
	GlobalSection(SolutionProperties) = preSolution
		HideSolutionNode = FALSE
	EndGlobalSection
	GlobalSection(ExtensibilityGlobals) = postSolution
		SolutionGuid = {380D4461-CF1D-44DA-910A-640A81CE27F5}
	EndGlobalSection
EndGlobal
