
Microsoft Visual Studio Solution File, Format Version 12.00
# Visual Studio 15
VisualStudioVersion = 15.0.28307.1622
MinimumVisualStudioVersion = 10.0.40219.1
Project("{9A19103F-16F7-4668-BE54-9A1E7A4F7556}") = "DocumentProvider.SequentialSignNorway", "CommerceRuntime\DocumentProvider.SequentialSignNorway\DocumentProvider.SequentialSignNorway.csproj", "{2A6751D6-2B8C-4232-BE1C-7D772442F491}"
EndProject
Project("{9A19103F-16F7-4668-BE54-9A1E7A4F7556}") = "Connector.SequentialSignNorway", "CommerceRuntime\Connector.SequentialSignNorway\Connector.SequentialSignNorway.csproj", "{502E94A4-80F0-40DD-A3F8-FF759972C0F8}"
EndProject
Project("{2150E333-8FDC-42A3-9474-1A3956D46DE8}") = "CommerceRuntime", "CommerceRuntime", "{7E85711F-FE81-4244-977F-49B89DA148F5}"
EndProject
Project("{2150E333-8FDC-42A3-9474-1A3956D46DE8}") = "ModernPOS", "ModernPOS", "{AACAFBDA-E8C6-4ECC-86D5-6A7961805D50}"
EndProject
Project("{2150E333-8FDC-42A3-9474-1A3956D46DE8}") = "ScaleUnit", "ScaleUnit", "{84A5B133-08D3-4B48-A6B9-373D03E7E1AD}"
EndProject
Project("{9A19103F-16F7-4668-BE54-9A1E7A4F7556}") = "ScaleUnit.SequentialSignNorway.Installer", "ScaleUnit\ScaleUnit.SequentialSignNorway.Installer\ScaleUnit.SequentialSignNorway.Installer.csproj", "{81A9F252-C2D8-4BAB-B4A9-218EDEF673CC}"
EndProject
Project("{262852C6-CD72-467D-83FE-5EEB1973A190}") = "ModernPos.SequentialSignNorway", "ModernPOS\ModernPos.SequentialSignNorway\ModernPos.SequentialSignNorway.jsproj", "{20292722-7895-4388-812B-837317D7FC0C}"
EndProject
Project("{9A19103F-16F7-4668-BE54-9A1E7A4F7556}") = "ModernPos.SequentialSignNorway.Installer", "ModernPOS\ModernPos.SequentialSignNorway.Installer\ModernPos.SequentialSignNorway.Installer.csproj", "{72636B28-56C2-4F6B-BB69-01BED9D180F6}"
EndProject
Project("{9A19103F-16F7-4668-BE54-9A1E7A4F7556}") = "ScaleUnit.SequentialSignNorway", "ScaleUnit\ScaleUnit.SequentialSignNorway\ScaleUnit.SequentialSignNorway.csproj", "{743F2260-FE4D-403C-B593-5709DEB83C37}"
EndProject
Global
	GlobalSection(SolutionConfigurationPlatforms) = preSolution
		Debug|Any CPU = Debug|Any CPU
		Debug|x86 = Debug|x86
		Release|Any CPU = Release|Any CPU
		Release|x86 = Release|x86
	EndGlobalSection
	GlobalSection(ProjectConfigurationPlatforms) = postSolution
		{2A6751D6-2B8C-4232-BE1C-7D772442F491}.Debug|Any CPU.ActiveCfg = Debug|Any CPU
		{2A6751D6-2B8C-4232-BE1C-7D772442F491}.Debug|Any CPU.Build.0 = Debug|Any CPU
		{2A6751D6-2B8C-4232-BE1C-7D772442F491}.Debug|x86.ActiveCfg = Debug|Any CPU
		{2A6751D6-2B8C-4232-BE1C-7D772442F491}.Debug|x86.Build.0 = Debug|Any CPU
		{2A6751D6-2B8C-4232-BE1C-7D772442F491}.Release|Any CPU.ActiveCfg = Debug|Any CPU
		{2A6751D6-2B8C-4232-BE1C-7D772442F491}.Release|Any CPU.Build.0 = Debug|Any CPU
		{2A6751D6-2B8C-4232-BE1C-7D772442F491}.Release|x86.ActiveCfg = Debug|Any CPU
		{2A6751D6-2B8C-4232-BE1C-7D772442F491}.Release|x86.Build.0 = Debug|Any CPU
		{502E94A4-80F0-40DD-A3F8-FF759972C0F8}.Debug|Any CPU.ActiveCfg = Debug|Any CPU
		{502E94A4-80F0-40DD-A3F8-FF759972C0F8}.Debug|Any CPU.Build.0 = Debug|Any CPU
		{502E94A4-80F0-40DD-A3F8-FF759972C0F8}.Debug|x86.ActiveCfg = Debug|Any CPU
		{502E94A4-80F0-40DD-A3F8-FF759972C0F8}.Debug|x86.Build.0 = Debug|Any CPU
		{502E94A4-80F0-40DD-A3F8-FF759972C0F8}.Release|Any CPU.ActiveCfg = Debug|Any CPU
		{502E94A4-80F0-40DD-A3F8-FF759972C0F8}.Release|Any CPU.Build.0 = Debug|Any CPU
		{502E94A4-80F0-40DD-A3F8-FF759972C0F8}.Release|x86.ActiveCfg = Debug|Any CPU
		{502E94A4-80F0-40DD-A3F8-FF759972C0F8}.Release|x86.Build.0 = Debug|Any CPU
		{81A9F252-C2D8-4BAB-B4A9-218EDEF673CC}.Debug|Any CPU.ActiveCfg = Debug|Any CPU
		{81A9F252-C2D8-4BAB-B4A9-218EDEF673CC}.Debug|Any CPU.Build.0 = Debug|Any CPU
		{81A9F252-C2D8-4BAB-B4A9-218EDEF673CC}.Debug|x86.ActiveCfg = Debug|Any CPU
		{81A9F252-C2D8-4BAB-B4A9-218EDEF673CC}.Debug|x86.Build.0 = Debug|Any CPU
		{81A9F252-C2D8-4BAB-B4A9-218EDEF673CC}.Release|Any CPU.ActiveCfg = Debug|Any CPU
		{81A9F252-C2D8-4BAB-B4A9-218EDEF673CC}.Release|Any CPU.Build.0 = Debug|Any CPU
		{81A9F252-C2D8-4BAB-B4A9-218EDEF673CC}.Release|x86.ActiveCfg = Debug|Any CPU
		{81A9F252-C2D8-4BAB-B4A9-218EDEF673CC}.Release|x86.Build.0 = Debug|Any CPU
		{20292722-7895-4388-812B-837317D7FC0C}.Debug|Any CPU.ActiveCfg = Debug|x86
		{20292722-7895-4388-812B-837317D7FC0C}.Debug|Any CPU.Build.0 = Debug|x86
		{20292722-7895-4388-812B-837317D7FC0C}.Debug|Any CPU.Deploy.0 = Debug|x86
		{20292722-7895-4388-812B-837317D7FC0C}.Debug|x86.ActiveCfg = Debug|x86
		{20292722-7895-4388-812B-837317D7FC0C}.Debug|x86.Build.0 = Debug|x86
		{20292722-7895-4388-812B-837317D7FC0C}.Debug|x86.Deploy.0 = Debug|x86
		{20292722-7895-4388-812B-837317D7FC0C}.Release|Any CPU.ActiveCfg = Release|x86
		{20292722-7895-4388-812B-837317D7FC0C}.Release|Any CPU.Build.0 = Release|x86
		{20292722-7895-4388-812B-837317D7FC0C}.Release|Any CPU.Deploy.0 = Release|x86
		{20292722-7895-4388-812B-837317D7FC0C}.Release|x86.ActiveCfg = Release|x86
		{20292722-7895-4388-812B-837317D7FC0C}.Release|x86.Build.0 = Release|x86
		{20292722-7895-4388-812B-837317D7FC0C}.Release|x86.Deploy.0 = Release|x86
		{72636B28-56C2-4F6B-BB69-01BED9D180F6}.Debug|Any CPU.ActiveCfg = Debug|Any CPU
		{72636B28-56C2-4F6B-BB69-01BED9D180F6}.Debug|Any CPU.Build.0 = Debug|Any CPU
		{72636B28-56C2-4F6B-BB69-01BED9D180F6}.Debug|x86.ActiveCfg = Debug|Any CPU
		{72636B28-56C2-4F6B-BB69-01BED9D180F6}.Debug|x86.Build.0 = Debug|Any CPU
		{72636B28-56C2-4F6B-BB69-01BED9D180F6}.Release|Any CPU.ActiveCfg = Debug|Any CPU
		{72636B28-56C2-4F6B-BB69-01BED9D180F6}.Release|Any CPU.Build.0 = Debug|Any CPU
		{72636B28-56C2-4F6B-BB69-01BED9D180F6}.Release|x86.ActiveCfg = Debug|Any CPU
		{72636B28-56C2-4F6B-BB69-01BED9D180F6}.Release|x86.Build.0 = Debug|Any CPU
		{743F2260-FE4D-403C-B593-5709DEB83C37}.Debug|Any CPU.ActiveCfg = Debug|Any CPU
		{743F2260-FE4D-403C-B593-5709DEB83C37}.Debug|Any CPU.Build.0 = Debug|Any CPU
		{743F2260-FE4D-403C-B593-5709DEB83C37}.Debug|x86.ActiveCfg = Debug|Any CPU
		{743F2260-FE4D-403C-B593-5709DEB83C37}.Debug|x86.Build.0 = Debug|Any CPU
		{743F2260-FE4D-403C-B593-5709DEB83C37}.Release|Any CPU.ActiveCfg = Release|Any CPU
		{743F2260-FE4D-403C-B593-5709DEB83C37}.Release|Any CPU.Build.0 = Release|Any CPU
		{743F2260-FE4D-403C-B593-5709DEB83C37}.Release|x86.ActiveCfg = Release|Any CPU
		{743F2260-FE4D-403C-B593-5709DEB83C37}.Release|x86.Build.0 = Release|Any CPU
	EndGlobalSection
	GlobalSection(SolutionProperties) = preSolution
		HideSolutionNode = FALSE
	EndGlobalSection
	GlobalSection(NestedProjects) = preSolution
		{2A6751D6-2B8C-4232-BE1C-7D772442F491} = {7E85711F-FE81-4244-977F-49B89DA148F5}
		{502E94A4-80F0-40DD-A3F8-FF759972C0F8} = {7E85711F-FE81-4244-977F-49B89DA148F5}
		{81A9F252-C2D8-4BAB-B4A9-218EDEF673CC} = {84A5B133-08D3-4B48-A6B9-373D03E7E1AD}
		{20292722-7895-4388-812B-837317D7FC0C} = {AACAFBDA-E8C6-4ECC-86D5-6A7961805D50}
		{72636B28-56C2-4F6B-BB69-01BED9D180F6} = {AACAFBDA-E8C6-4ECC-86D5-6A7961805D50}
		{743F2260-FE4D-403C-B593-5709DEB83C37} = {84A5B133-08D3-4B48-A6B9-373D03E7E1AD}
	EndGlobalSection
	GlobalSection(ExtensibilityGlobals) = postSolution
		SolutionGuid = {380D4461-CF1D-44DA-910A-640A81CE27F5}
	EndGlobalSection
EndGlobal
