
Microsoft Visual Studio Solution File, Format Version 12.00
# Visual Studio 15
VisualStudioVersion = 15.0.28307.1585
MinimumVisualStudioVersion = 10.0.40219.1
Project("{2150E333-8FDC-42A3-9474-1A3956D46DE8}") = "CommerceRuntime", "CommerceRuntime", "{D6CB9A2B-69F7-45CB-890D-BB64C0A89BD7}"
EndProject
Project("{2150E333-8FDC-42A3-9474-1A3956D46DE8}") = "HardwareStation", "HardwareStation", "{2E2B1641-0E87-458B-8BBB-615E7FEC1D1A}"
EndProject
Project("{9A19103F-16F7-4668-BE54-9A1E7A4F7556}") = "Connector.EFRSample", "HardwareStation\Connector.EFRSample\Connector.EFRSample.csproj", "{CCED6E3F-52D0-4B00-8F2D-270FCEC332B8}"
EndProject
Project("{9A19103F-16F7-4668-BE54-9A1E7A4F7556}") = "DocumentProvider.DataModelEFR", "CommerceRuntime\DocumentProvider.DataModelEFR\DocumentProvider.DataModelEFR.csproj", "{6AFEBB70-3537-459E-9CD8-6DFCD2FCADCE}"
EndProject
Project("{9A19103F-16F7-4668-BE54-9A1E7A4F7556}") = "DocumentProvider.EFRSample", "CommerceRuntime\DocumentProvider.EFRSample\DocumentProvider.EFRSample.csproj", "{B2150721-809B-43ED-BC25-2D312BE89434}"
EndProject
Project("{9A19103F-16F7-4668-BE54-9A1E7A4F7556}") = "HardwareStation.EFR.Installer", "HardwareStation\HardwareStation.EFR.Installer\HardwareStation.EFR.Installer.csproj", "{23FE0238-0AB8-41A8-B7A8-8D936E16E64E}"
EndProject
Project("{9A19103F-16F7-4668-BE54-9A1E7A4F7556}") = "ScaleUnit.EFR.Installer", "ScaleUnit\ScaleUnit.EFR.Installer\ScaleUnit.EFR.Installer.csproj", "{624DC02D-9982-4BAD-9114-6A6203E03B95}"
EndProject
Project("{262852C6-CD72-467D-83FE-5EEB1973A190}") = "ModernPos.EFR", "ModernPOS\ModernPos.EFR\ModernPos.EFR.jsproj", "{20292722-7895-4388-812B-837317D7FC0C}"
EndProject
Project("{9A19103F-16F7-4668-BE54-9A1E7A4F7556}") = "ModernPos.EFR.Installer", "ModernPOS\ModernPos.EFR.Installer\ModernPos.EFR.Installer.csproj", "{92DB78EF-425B-4860-BC3D-E70B6F7D1E74}"
EndProject
Global
	GlobalSection(SolutionConfigurationPlatforms) = preSolution
		Debug|Any CPU = Debug|Any CPU
		Debug|x86 = Debug|x86
		Release|Any CPU = Release|Any CPU
		Release|x86 = Release|x86
	EndGlobalSection
	GlobalSection(ProjectConfigurationPlatforms) = postSolution
		{CCED6E3F-52D0-4B00-8F2D-270FCEC332B8}.Debug|Any CPU.ActiveCfg = Debug|Any CPU
		{CCED6E3F-52D0-4B00-8F2D-270FCEC332B8}.Debug|Any CPU.Build.0 = Debug|Any CPU
		{CCED6E3F-52D0-4B00-8F2D-270FCEC332B8}.Debug|x86.ActiveCfg = Debug|Any CPU
		{CCED6E3F-52D0-4B00-8F2D-270FCEC332B8}.Debug|x86.Build.0 = Debug|Any CPU
		{CCED6E3F-52D0-4B00-8F2D-270FCEC332B8}.Release|Any CPU.ActiveCfg = Release|Any CPU
		{CCED6E3F-52D0-4B00-8F2D-270FCEC332B8}.Release|Any CPU.Build.0 = Release|Any CPU
		{CCED6E3F-52D0-4B00-8F2D-270FCEC332B8}.Release|x86.ActiveCfg = Release|Any CPU
		{CCED6E3F-52D0-4B00-8F2D-270FCEC332B8}.Release|x86.Build.0 = Release|Any CPU
		{6AFEBB70-3537-459E-9CD8-6DFCD2FCADCE}.Debug|Any CPU.ActiveCfg = Debug|Any CPU
		{6AFEBB70-3537-459E-9CD8-6DFCD2FCADCE}.Debug|Any CPU.Build.0 = Debug|Any CPU
		{6AFEBB70-3537-459E-9CD8-6DFCD2FCADCE}.Debug|x86.ActiveCfg = Debug|Any CPU
		{6AFEBB70-3537-459E-9CD8-6DFCD2FCADCE}.Debug|x86.Build.0 = Debug|Any CPU
		{6AFEBB70-3537-459E-9CD8-6DFCD2FCADCE}.Release|Any CPU.ActiveCfg = Release|Any CPU
		{6AFEBB70-3537-459E-9CD8-6DFCD2FCADCE}.Release|Any CPU.Build.0 = Release|Any CPU
		{6AFEBB70-3537-459E-9CD8-6DFCD2FCADCE}.Release|x86.ActiveCfg = Release|Any CPU
		{6AFEBB70-3537-459E-9CD8-6DFCD2FCADCE}.Release|x86.Build.0 = Release|Any CPU
		{B2150721-809B-43ED-BC25-2D312BE89434}.Debug|Any CPU.ActiveCfg = Debug|Any CPU
		{B2150721-809B-43ED-BC25-2D312BE89434}.Debug|Any CPU.Build.0 = Debug|Any CPU
		{B2150721-809B-43ED-BC25-2D312BE89434}.Debug|x86.ActiveCfg = Debug|Any CPU
		{B2150721-809B-43ED-BC25-2D312BE89434}.Debug|x86.Build.0 = Debug|Any CPU
		{B2150721-809B-43ED-BC25-2D312BE89434}.Release|Any CPU.ActiveCfg = Release|Any CPU
		{B2150721-809B-43ED-BC25-2D312BE89434}.Release|Any CPU.Build.0 = Release|Any CPU
		{B2150721-809B-43ED-BC25-2D312BE89434}.Release|x86.ActiveCfg = Release|Any CPU
		{B2150721-809B-43ED-BC25-2D312BE89434}.Release|x86.Build.0 = Release|Any CPU
		{23FE0238-0AB8-41A8-B7A8-8D936E16E64E}.Debug|Any CPU.ActiveCfg = Debug|Any CPU
		{23FE0238-0AB8-41A8-B7A8-8D936E16E64E}.Debug|Any CPU.Build.0 = Debug|Any CPU
		{23FE0238-0AB8-41A8-B7A8-8D936E16E64E}.Debug|x86.ActiveCfg = Debug|Any CPU
		{23FE0238-0AB8-41A8-B7A8-8D936E16E64E}.Debug|x86.Build.0 = Debug|Any CPU
		{23FE0238-0AB8-41A8-B7A8-8D936E16E64E}.Release|Any CPU.ActiveCfg = Release|Any CPU
		{23FE0238-0AB8-41A8-B7A8-8D936E16E64E}.Release|Any CPU.Build.0 = Release|Any CPU
		{23FE0238-0AB8-41A8-B7A8-8D936E16E64E}.Release|x86.ActiveCfg = Release|Any CPU
		{23FE0238-0AB8-41A8-B7A8-8D936E16E64E}.Release|x86.Build.0 = Release|Any CPU
		{624DC02D-9982-4BAD-9114-6A6203E03B95}.Debug|Any CPU.ActiveCfg = Debug|Any CPU
		{624DC02D-9982-4BAD-9114-6A6203E03B95}.Debug|Any CPU.Build.0 = Debug|Any CPU
		{624DC02D-9982-4BAD-9114-6A6203E03B95}.Debug|x86.ActiveCfg = Debug|Any CPU
		{624DC02D-9982-4BAD-9114-6A6203E03B95}.Debug|x86.Build.0 = Debug|Any CPU
		{624DC02D-9982-4BAD-9114-6A6203E03B95}.Release|Any CPU.ActiveCfg = Release|Any CPU
		{624DC02D-9982-4BAD-9114-6A6203E03B95}.Release|Any CPU.Build.0 = Release|Any CPU
		{624DC02D-9982-4BAD-9114-6A6203E03B95}.Release|x86.ActiveCfg = Release|Any CPU
		{624DC02D-9982-4BAD-9114-6A6203E03B95}.Release|x86.Build.0 = Release|Any CPU
		{20292722-7895-4388-812B-837317D7FC0C}.Debug|Any CPU.ActiveCfg = Debug|x86
		{20292722-7895-4388-812B-837317D7FC0C}.Debug|Any CPU.Build.0 = Debug|x86
		{20292722-7895-4388-812B-837317D7FC0C}.Debug|Any CPU.Deploy.0 = Debug|x86
		{20292722-7895-4388-812B-837317D7FC0C}.Debug|x86.ActiveCfg = Debug|x86
		{20292722-7895-4388-812B-837317D7FC0C}.Debug|x86.Build.0 = Debug|x86
		{20292722-7895-4388-812B-837317D7FC0C}.Debug|x86.Deploy.0 = Debug|x86
		{20292722-7895-4388-812B-837317D7FC0C}.Release|Any CPU.ActiveCfg = Release|x86
		{20292722-7895-4388-812B-837317D7FC0C}.Release|Any CPU.Build.0 = Release|x86
		{20292722-7895-4388-812B-837317D7FC0C}.Release|Any CPU.Deploy.0 = Release|x86
		{20292722-7895-4388-812B-837317D7FC0C}.Release|x86.ActiveCfg = Release|x86
		{20292722-7895-4388-812B-837317D7FC0C}.Release|x86.Build.0 = Release|x86
		{20292722-7895-4388-812B-837317D7FC0C}.Release|x86.Deploy.0 = Release|x86
		{92DB78EF-425B-4860-BC3D-E70B6F7D1E74}.Debug|Any CPU.ActiveCfg = Debug|Any CPU
		{92DB78EF-425B-4860-BC3D-E70B6F7D1E74}.Debug|Any CPU.Build.0 = Debug|Any CPU
		{92DB78EF-425B-4860-BC3D-E70B6F7D1E74}.Debug|x86.ActiveCfg = Debug|Any CPU
		{92DB78EF-425B-4860-BC3D-E70B6F7D1E74}.Debug|x86.Build.0 = Debug|Any CPU
		{92DB78EF-425B-4860-BC3D-E70B6F7D1E74}.Release|Any CPU.ActiveCfg = Release|Any CPU
		{92DB78EF-425B-4860-BC3D-E70B6F7D1E74}.Release|Any CPU.Build.0 = Release|Any CPU
		{92DB78EF-425B-4860-BC3D-E70B6F7D1E74}.Release|x86.ActiveCfg = Release|Any CPU
		{92DB78EF-425B-4860-BC3D-E70B6F7D1E74}.Release|x86.Build.0 = Release|Any CPU
	EndGlobalSection
	GlobalSection(SolutionProperties) = preSolution
		HideSolutionNode = FALSE
	EndGlobalSection
	GlobalSection(NestedProjects) = preSolution
		{CCED6E3F-52D0-4B00-8F2D-270FCEC332B8} = {2E2B1641-0E87-458B-8BBB-615E7FEC1D1A}
		{6AFEBB70-3537-459E-9CD8-6DFCD2FCADCE} = {D6CB9A2B-69F7-45CB-890D-BB64C0A89BD7}
		{B2150721-809B-43ED-BC25-2D312BE89434} = {D6CB9A2B-69F7-45CB-890D-BB64C0A89BD7}
		{23FE0238-0AB8-41A8-B7A8-8D936E16E64E} = {2E2B1641-0E87-458B-8BBB-615E7FEC1D1A}
	EndGlobalSection
	GlobalSection(ExtensibilityGlobals) = postSolution
		SolutionGuid = {23A4A03B-41FA-4121-A032-D81BEC9B3875}
	EndGlobalSection
EndGlobal
