
Microsoft Visual Studio Solution File, Format Version 12.00
# Visual Studio Version 17
VisualStudioVersion = 17.4.33110.190
MinimumVisualStudioVersion = 10.0.40219.1
Project("{9A19103F-16F7-4668-BE54-9A1E7A4F7556}") = "ExtendedLogonSample.CommerceRuntime", "CommerceRuntime\ExtendedLogonSample.CommerceRuntime.csproj", "{87CF0A84-B4C9-4242-B1A5-211676AC6AB3}"
EndProject
Project("{9A19103F-16F7-4668-BE54-9A1E7A4F7556}") = "ExtendedLogonSample.Pos", "Pos\ExtendedLogonSample.Pos.csproj", "{CA38A85F-A622-4BCD-BEF7-D5F4E29E83DF}"
EndProject
Project("{9A19103F-16F7-4668-BE54-9A1E7A4F7556}") = "ScaleUnit.Installer", "ScaleUnit.Installer\ScaleUnit.Installer.csproj", "{7613080E-ACE2-4AA9-9DC8-43550FBEAD4E}"
EndProject
Project("{9A19103F-16F7-4668-BE54-9A1E7A4F7556}") = "StoreCommerce.Installer", "StoreCommerce.Installer\StoreCommerce.Installer.csproj", "{6E6E57AF-9990-42EF-99F8-0B11E94274CC}"
EndProject
Global
	GlobalSection(SolutionConfigurationPlatforms) = preSolution
		Debug|Any CPU = Debug|Any CPU
		Release|Any CPU = Release|Any CPU
	EndGlobalSection
	GlobalSection(ProjectConfigurationPlatforms) = postSolution
		{87CF0A84-B4C9-4242-B1A5-211676AC6AB3}.Debug|Any CPU.ActiveCfg = Debug|Any CPU
		{87CF0A84-B4C9-4242-B1A5-211676AC6AB3}.Debug|Any CPU.Build.0 = Debug|Any CPU
		{87CF0A84-B4C9-4242-B1A5-211676AC6AB3}.Release|Any CPU.ActiveCfg = Release|Any CPU
		{87CF0A84-B4C9-4242-B1A5-211676AC6AB3}.Release|Any CPU.Build.0 = Release|Any CPU
		{CA38A85F-A622-4BCD-BEF7-D5F4E29E83DF}.Debug|Any CPU.ActiveCfg = Debug|Any CPU
		{CA38A85F-A622-4BCD-BEF7-D5F4E29E83DF}.Debug|Any CPU.Build.0 = Debug|Any CPU
		{CA38A85F-A622-4BCD-BEF7-D5F4E29E83DF}.Release|Any CPU.ActiveCfg = Release|Any CPU
		{CA38A85F-A622-4BCD-BEF7-D5F4E29E83DF}.Release|Any CPU.Build.0 = Release|Any CPU
		{7613080E-ACE2-4AA9-9DC8-43550FBEAD4E}.Debug|Any CPU.ActiveCfg = Debug|Any CPU
		{7613080E-ACE2-4AA9-9DC8-43550FBEAD4E}.Debug|Any CPU.Build.0 = Debug|Any CPU
		{7613080E-ACE2-4AA9-9DC8-43550FBEAD4E}.Release|Any CPU.ActiveCfg = Release|Any CPU
		{7613080E-ACE2-4AA9-9DC8-43550FBEAD4E}.Release|Any CPU.Build.0 = Release|Any CPU
		{6E6E57AF-9990-42EF-99F8-0B11E94274CC}.Debug|Any CPU.ActiveCfg = Debug|Any CPU
		{6E6E57AF-9990-42EF-99F8-0B11E94274CC}.Debug|Any CPU.Build.0 = Debug|Any CPU
		{6E6E57AF-9990-42EF-99F8-0B11E94274CC}.Release|Any CPU.ActiveCfg = Release|Any CPU
		{6E6E57AF-9990-42EF-99F8-0B11E94274CC}.Release|Any CPU.Build.0 = Release|Any CPU
	EndGlobalSection
	GlobalSection(SolutionProperties) = preSolution
		HideSolutionNode = FALSE
	EndGlobalSection
	GlobalSection(ExtensibilityGlobals) = postSolution
		SolutionGuid = {A2B24C79-4492-48F8-8D04-958CBEB07034}
	EndGlobalSection
EndGlobal
