
Microsoft Visual Studio Solution File, Format Version 12.00
# Visual Studio 15
VisualStudioVersion = 15.0.28307.1585
MinimumVisualStudioVersion = 10.0.40219.1
Project("{9A19103F-16F7-4668-BE54-9A1E7A4F7556}") = "DocumentProvider.PosnetSample", "CommerceRuntime\DocumentProvider.PosnetSample\DocumentProvider.PosnetSample.csproj", "{90003EC7-4924-44D7-BCCE-A559EB3EA23D}"
EndProject
Project("{9A19103F-16F7-4668-BE54-9A1E7A4F7556}") = "HardwareStation.PosnetThermalFVFiscalPrinterSample", "HardwareStation\ThermalDeviceSample\HardwareStation.PosnetThermalFVFiscalPrinterSample.csproj", "{28A220E5-476B-425D-9BB6-247D345228E4}"
EndProject
Project("{9A19103F-16F7-4668-BE54-9A1E7A4F7556}") = "HardwareStation.PosnetThermalFVFiscalPrinter.Installer", "HardwareStation\HardwareStation.PosnetThermalFVFiscalPrinter.Installer\HardwareStation.PosnetThermalFVFiscalPrinter.Installer.csproj", "{9B67D1A0-4F06-4145-A615-0C0515BA26FD}"
EndProject
Project("{9A19103F-16F7-4668-BE54-9A1E7A4F7556}") = "ScaleUnit.Posnet.Installer", "ScaleUnit\ScaleUnit.Posnet.Installer\ScaleUnit.Posnet.Installer.csproj", "{50674085-3DE0-436B-9B25-9E207A872709}"
EndProject
Project("{262852C6-CD72-467D-83FE-5EEB1973A190}") = "ModernPos.Posnet", "ModernPOS\ModernPos.Posnet\ModernPos.Posnet.jsproj", "{20292722-7895-4388-812B-837317D7FC0C}"
EndProject
Project("{9A19103F-16F7-4668-BE54-9A1E7A4F7556}") = "ModernPos.Posnet.Installer", "ModernPOS\ModernPos.Posnet.Installer\ModernPos.Posnet.Installer.csproj", "{3B3556FB-D915-4031-B4C7-793A1A30B9C3}"
EndProject
Global
	GlobalSection(SolutionConfigurationPlatforms) = preSolution
		Debug|Any CPU = Debug|Any CPU
		Debug|x86 = Debug|x86
		Release|Any CPU = Release|Any CPU
		Release|x86 = Release|x86
	EndGlobalSection
	GlobalSection(ProjectConfigurationPlatforms) = postSolution
		{90003EC7-4924-44D7-BCCE-A559EB3EA23D}.Debug|Any CPU.ActiveCfg = Debug|Any CPU
		{90003EC7-4924-44D7-BCCE-A559EB3EA23D}.Debug|Any CPU.Build.0 = Debug|Any CPU
		{90003EC7-4924-44D7-BCCE-A559EB3EA23D}.Debug|x86.ActiveCfg = Debug|Any CPU
		{90003EC7-4924-44D7-BCCE-A559EB3EA23D}.Debug|x86.Build.0 = Debug|Any CPU
		{90003EC7-4924-44D7-BCCE-A559EB3EA23D}.Release|Any CPU.ActiveCfg = Release|Any CPU
		{90003EC7-4924-44D7-BCCE-A559EB3EA23D}.Release|Any CPU.Build.0 = Release|Any CPU
		{90003EC7-4924-44D7-BCCE-A559EB3EA23D}.Release|x86.ActiveCfg = Release|Any CPU
		{90003EC7-4924-44D7-BCCE-A559EB3EA23D}.Release|x86.Build.0 = Release|Any CPU
		{28A220E5-476B-425D-9BB6-247D345228E4}.Debug|Any CPU.ActiveCfg = Debug|Any CPU
		{28A220E5-476B-425D-9BB6-247D345228E4}.Debug|Any CPU.Build.0 = Debug|Any CPU
		{28A220E5-476B-425D-9BB6-247D345228E4}.Debug|x86.ActiveCfg = Debug|Any CPU
		{28A220E5-476B-425D-9BB6-247D345228E4}.Debug|x86.Build.0 = Debug|Any CPU
		{28A220E5-476B-425D-9BB6-247D345228E4}.Release|Any CPU.ActiveCfg = Release|Any CPU
		{28A220E5-476B-425D-9BB6-247D345228E4}.Release|Any CPU.Build.0 = Release|Any CPU
		{28A220E5-476B-425D-9BB6-247D345228E4}.Release|x86.ActiveCfg = Release|Any CPU
		{28A220E5-476B-425D-9BB6-247D345228E4}.Release|x86.Build.0 = Release|Any CPU
		{9B67D1A0-4F06-4145-A615-0C0515BA26FD}.Debug|Any CPU.ActiveCfg = Debug|Any CPU
		{9B67D1A0-4F06-4145-A615-0C0515BA26FD}.Debug|Any CPU.Build.0 = Debug|Any CPU
		{9B67D1A0-4F06-4145-A615-0C0515BA26FD}.Debug|x86.ActiveCfg = Debug|Any CPU
		{9B67D1A0-4F06-4145-A615-0C0515BA26FD}.Debug|x86.Build.0 = Debug|Any CPU
		{9B67D1A0-4F06-4145-A615-0C0515BA26FD}.Release|Any CPU.ActiveCfg = Release|Any CPU
		{9B67D1A0-4F06-4145-A615-0C0515BA26FD}.Release|Any CPU.Build.0 = Release|Any CPU
		{9B67D1A0-4F06-4145-A615-0C0515BA26FD}.Release|x86.ActiveCfg = Release|Any CPU
		{9B67D1A0-4F06-4145-A615-0C0515BA26FD}.Release|x86.Build.0 = Release|Any CPU
		{50674085-3DE0-436B-9B25-9E207A872709}.Debug|Any CPU.ActiveCfg = Debug|Any CPU
		{50674085-3DE0-436B-9B25-9E207A872709}.Debug|Any CPU.Build.0 = Debug|Any CPU
		{50674085-3DE0-436B-9B25-9E207A872709}.Debug|x86.ActiveCfg = Debug|Any CPU
		{50674085-3DE0-436B-9B25-9E207A872709}.Debug|x86.Build.0 = Debug|Any CPU
		{50674085-3DE0-436B-9B25-9E207A872709}.Release|Any CPU.ActiveCfg = Release|Any CPU
		{50674085-3DE0-436B-9B25-9E207A872709}.Release|Any CPU.Build.0 = Release|Any CPU
		{50674085-3DE0-436B-9B25-9E207A872709}.Release|x86.ActiveCfg = Release|Any CPU
		{50674085-3DE0-436B-9B25-9E207A872709}.Release|x86.Build.0 = Release|Any CPU
		{20292722-7895-4388-812B-837317D7FC0C}.Debug|Any CPU.ActiveCfg = Debug|x86
		{20292722-7895-4388-812B-837317D7FC0C}.Debug|Any CPU.Build.0 = Debug|x86
		{20292722-7895-4388-812B-837317D7FC0C}.Debug|Any CPU.Deploy.0 = Debug|x86
		{20292722-7895-4388-812B-837317D7FC0C}.Debug|x86.ActiveCfg = Debug|x86
		{20292722-7895-4388-812B-837317D7FC0C}.Debug|x86.Build.0 = Debug|x86
		{20292722-7895-4388-812B-837317D7FC0C}.Debug|x86.Deploy.0 = Debug|x86
		{20292722-7895-4388-812B-837317D7FC0C}.Release|Any CPU.ActiveCfg = Release|x86
		{20292722-7895-4388-812B-837317D7FC0C}.Release|Any CPU.Build.0 = Release|x86
		{20292722-7895-4388-812B-837317D7FC0C}.Release|Any CPU.Deploy.0 = Release|x86
		{20292722-7895-4388-812B-837317D7FC0C}.Release|x86.ActiveCfg = Release|x86
		{20292722-7895-4388-812B-837317D7FC0C}.Release|x86.Build.0 = Release|x86
		{20292722-7895-4388-812B-837317D7FC0C}.Release|x86.Deploy.0 = Release|x86
		{3B3556FB-D915-4031-B4C7-793A1A30B9C3}.Debug|Any CPU.ActiveCfg = Debug|Any CPU
		{3B3556FB-D915-4031-B4C7-793A1A30B9C3}.Debug|Any CPU.Build.0 = Debug|Any CPU
		{3B3556FB-D915-4031-B4C7-793A1A30B9C3}.Debug|x86.ActiveCfg = Debug|Any CPU
		{3B3556FB-D915-4031-B4C7-793A1A30B9C3}.Debug|x86.Build.0 = Debug|Any CPU
		{3B3556FB-D915-4031-B4C7-793A1A30B9C3}.Release|Any CPU.ActiveCfg = Release|Any CPU
		{3B3556FB-D915-4031-B4C7-793A1A30B9C3}.Release|Any CPU.Build.0 = Release|Any CPU
		{3B3556FB-D915-4031-B4C7-793A1A30B9C3}.Release|x86.ActiveCfg = Release|Any CPU
		{3B3556FB-D915-4031-B4C7-793A1A30B9C3}.Release|x86.Build.0 = Release|Any CPU
	EndGlobalSection
	GlobalSection(SolutionProperties) = preSolution
		HideSolutionNode = FALSE
	EndGlobalSection
	GlobalSection(ExtensibilityGlobals) = postSolution
		SolutionGuid = {99B5AFBD-626E-43A0-874D-71646146567F}
	EndGlobalSection
EndGlobal
