
Microsoft Visual Studio Solution File, Format Version 12.00
# Visual Studio Version 16
VisualStudioVersion = 16.0.31410.357
MinimumVisualStudioVersion = 10.0.40219.1
Project("{9A19103F-16F7-4668-BE54-9A1E7A4F7556}") = "DocumentProvider.PosnetSample", "CommerceRuntime\DocumentProvider.PosnetSample\DocumentProvider.PosnetSample.csproj", "{90003EC7-4924-44D7-BCCE-A559EB3EA23D}"
EndProject
Project("{9A19103F-16F7-4668-BE54-9A1E7A4F7556}") = "HardwareStation.PosnetThermalFVFiscalPrinterSample", "HardwareStation\ThermalDeviceSample\HardwareStation.PosnetThermalFVFiscalPrinterSample.csproj", "{28A220E5-476B-425D-9BB6-247D345228E4}"
EndProject
Global
	GlobalSection(SolutionConfigurationPlatforms) = preSolution
		Debug|Any CPU = Debug|Any CPU
		Release|Any CPU = Release|Any CPU
	EndGlobalSection
	GlobalSection(ProjectConfigurationPlatforms) = postSolution
		{90003EC7-4924-44D7-BCCE-A559EB3EA23D}.Debug|Any CPU.ActiveCfg = Debug|Any CPU
		{90003EC7-4924-44D7-BCCE-A559EB3EA23D}.Debug|Any CPU.Build.0 = Debug|Any CPU
		{90003EC7-4924-44D7-BCCE-A559EB3EA23D}.Release|Any CPU.ActiveCfg = Release|Any CPU
		{90003EC7-4924-44D7-BCCE-A559EB3EA23D}.Release|Any CPU.Build.0 = Release|Any CPU
		{28A220E5-476B-425D-9BB6-247D345228E4}.Debug|Any CPU.ActiveCfg = Debug|Any CPU
		{28A220E5-476B-425D-9BB6-247D345228E4}.Debug|Any CPU.Build.0 = Debug|Any CPU
		{28A220E5-476B-425D-9BB6-247D345228E4}.Release|Any CPU.ActiveCfg = Release|Any CPU
		{28A220E5-476B-425D-9BB6-247D345228E4}.Release|Any CPU.Build.0 = Release|Any CPU
	EndGlobalSection
	GlobalSection(SolutionProperties) = preSolution
		HideSolutionNode = FALSE
	EndGlobalSection
	GlobalSection(ExtensibilityGlobals) = postSolution
		SolutionGuid = {99B5AFBD-626E-43A0-874D-71646146567F}
	EndGlobalSection
EndGlobal
