
Microsoft Visual Studio Solution File, Format Version 12.00
# Visual Studio 15
VisualStudioVersion = 15.0.28307.1585
MinimumVisualStudioVersion = 10.0.40219.1
Project("{9A19103F-16F7-4668-BE54-9A1E7A4F7556}") = "DocumentProvider.AtolSample", "CommerceRuntime\DocumentProvider.AtolSample\DocumentProvider.AtolSample.csproj", "{B5DD8637-A390-4887-8BDC-BFA43DBD00AB}"
EndProject
Project("{9A19103F-16F7-4668-BE54-9A1E7A4F7556}") = "Connector.AtolSample", "HardwareStation\Connector.AtolSample\Connector.AtolSample.csproj", "{D5F51436-BA3C-46ED-A943-F5DF7F04F4D8}"
EndProject
Project("{9A19103F-16F7-4668-BE54-9A1E7A4F7556}") = "HardwareStation.AtolFiscalPrinter.Installer", "HardwareStation\HardwareStation.AtolFiscalPrinter.Installer\HardwareStation.AtolFiscalPrinter.Installer.csproj", "{84F0D842-726E-4B6B-80E1-B35EF8DD6E4C}"
EndProject
Project("{9A19103F-16F7-4668-BE54-9A1E7A4F7556}") = "ScaleUnit.AtolFiscalPrinter.Installer", "ScaleUnit\ScaleUnit.AtolFiscalPrinter.Installer\ScaleUnit.AtolFiscalPrinter.Installer.csproj", "{51D17EBC-E576-4D1D-A913-08A3692C8C7A}"
EndProject
Project("{9A19103F-16F7-4668-BE54-9A1E7A4F7556}") = "ScaleUnit.AtolFiscalPrinter", "ScaleUnit\ScaleUnit.AtolFiscalPrinter\ScaleUnit.AtolFiscalPrinter.csproj", "{5D3DE148-481C-4A86-9B2C-0194E5E00DF9}"
EndProject
Project("{9A19103F-16F7-4668-BE54-9A1E7A4F7556}") = "Contoso.AtolFiscalPrinter.StoreCommerce.Installer", "StoreCommerce.Installer\Contoso.AtolFiscalPrinter.StoreCommerce.Installer.csproj", "{76607701-6351-4011-976A-390F9BE66818}"
EndProject
Global
	GlobalSection(SolutionConfigurationPlatforms) = preSolution
		Debug|Any CPU = Debug|Any CPU
		Debug|x64 = Debug|x64
		Debug|x86 = Debug|x86
		Release|Any CPU = Release|Any CPU
		Release|x64 = Release|x64
		Release|x86 = Release|x86
	EndGlobalSection
	GlobalSection(ProjectConfigurationPlatforms) = postSolution
		{B5DD8637-A390-4887-8BDC-BFA43DBD00AB}.Debug|Any CPU.ActiveCfg = Debug|Any CPU
		{B5DD8637-A390-4887-8BDC-BFA43DBD00AB}.Debug|Any CPU.Build.0 = Debug|Any CPU
		{B5DD8637-A390-4887-8BDC-BFA43DBD00AB}.Debug|x64.ActiveCfg = Debug|x64
		{B5DD8637-A390-4887-8BDC-BFA43DBD00AB}.Debug|x64.Build.0 = Debug|x64
		{B5DD8637-A390-4887-8BDC-BFA43DBD00AB}.Debug|x86.ActiveCfg = Debug|Any CPU
		{B5DD8637-A390-4887-8BDC-BFA43DBD00AB}.Debug|x86.Build.0 = Debug|Any CPU
		{B5DD8637-A390-4887-8BDC-BFA43DBD00AB}.Release|Any CPU.ActiveCfg = Release|Any CPU
		{B5DD8637-A390-4887-8BDC-BFA43DBD00AB}.Release|Any CPU.Build.0 = Release|Any CPU
		{B5DD8637-A390-4887-8BDC-BFA43DBD00AB}.Release|x64.ActiveCfg = Release|x64
		{B5DD8637-A390-4887-8BDC-BFA43DBD00AB}.Release|x64.Build.0 = Release|x64
		{B5DD8637-A390-4887-8BDC-BFA43DBD00AB}.Release|x86.ActiveCfg = Release|Any CPU
		{B5DD8637-A390-4887-8BDC-BFA43DBD00AB}.Release|x86.Build.0 = Release|Any CPU
		{D5F51436-BA3C-46ED-A943-F5DF7F04F4D8}.Debug|Any CPU.ActiveCfg = Debug|Any CPU
		{D5F51436-BA3C-46ED-A943-F5DF7F04F4D8}.Debug|Any CPU.Build.0 = Debug|Any CPU
		{D5F51436-BA3C-46ED-A943-F5DF7F04F4D8}.Debug|x64.ActiveCfg = Debug|Any CPU
		{D5F51436-BA3C-46ED-A943-F5DF7F04F4D8}.Debug|x64.Build.0 = Debug|Any CPU
		{D5F51436-BA3C-46ED-A943-F5DF7F04F4D8}.Debug|x86.ActiveCfg = Debug|Any CPU
		{D5F51436-BA3C-46ED-A943-F5DF7F04F4D8}.Debug|x86.Build.0 = Debug|Any CPU
		{D5F51436-BA3C-46ED-A943-F5DF7F04F4D8}.Release|Any CPU.ActiveCfg = Release|Any CPU
		{D5F51436-BA3C-46ED-A943-F5DF7F04F4D8}.Release|Any CPU.Build.0 = Release|Any CPU
		{D5F51436-BA3C-46ED-A943-F5DF7F04F4D8}.Release|x64.ActiveCfg = Release|Any CPU
		{D5F51436-BA3C-46ED-A943-F5DF7F04F4D8}.Release|x64.Build.0 = Release|Any CPU
		{D5F51436-BA3C-46ED-A943-F5DF7F04F4D8}.Release|x86.ActiveCfg = Release|Any CPU
		{D5F51436-BA3C-46ED-A943-F5DF7F04F4D8}.Release|x86.Build.0 = Release|Any CPU
		{84F0D842-726E-4B6B-80E1-B35EF8DD6E4C}.Debug|Any CPU.ActiveCfg = Debug|Any CPU
		{84F0D842-726E-4B6B-80E1-B35EF8DD6E4C}.Debug|Any CPU.Build.0 = Debug|Any CPU
		{84F0D842-726E-4B6B-80E1-B35EF8DD6E4C}.Debug|x64.ActiveCfg = Debug|Any CPU
		{84F0D842-726E-4B6B-80E1-B35EF8DD6E4C}.Debug|x64.Build.0 = Debug|Any CPU
		{84F0D842-726E-4B6B-80E1-B35EF8DD6E4C}.Debug|x86.ActiveCfg = Debug|Any CPU
		{84F0D842-726E-4B6B-80E1-B35EF8DD6E4C}.Debug|x86.Build.0 = Debug|Any CPU
		{84F0D842-726E-4B6B-80E1-B35EF8DD6E4C}.Release|Any CPU.ActiveCfg = Release|Any CPU
		{84F0D842-726E-4B6B-80E1-B35EF8DD6E4C}.Release|Any CPU.Build.0 = Release|Any CPU
		{84F0D842-726E-4B6B-80E1-B35EF8DD6E4C}.Release|x64.ActiveCfg = Release|Any CPU
		{84F0D842-726E-4B6B-80E1-B35EF8DD6E4C}.Release|x64.Build.0 = Release|Any CPU
		{84F0D842-726E-4B6B-80E1-B35EF8DD6E4C}.Release|x86.ActiveCfg = Release|Any CPU
		{84F0D842-726E-4B6B-80E1-B35EF8DD6E4C}.Release|x86.Build.0 = Release|Any CPU
		{51D17EBC-E576-4D1D-A913-08A3692C8C7A}.Debug|Any CPU.ActiveCfg = Debug|Any CPU
		{51D17EBC-E576-4D1D-A913-08A3692C8C7A}.Debug|Any CPU.Build.0 = Debug|Any CPU
		{51D17EBC-E576-4D1D-A913-08A3692C8C7A}.Debug|x64.ActiveCfg = Debug|Any CPU
		{51D17EBC-E576-4D1D-A913-08A3692C8C7A}.Debug|x64.Build.0 = Debug|Any CPU
		{51D17EBC-E576-4D1D-A913-08A3692C8C7A}.Debug|x86.ActiveCfg = Debug|Any CPU
		{51D17EBC-E576-4D1D-A913-08A3692C8C7A}.Debug|x86.Build.0 = Debug|Any CPU
		{51D17EBC-E576-4D1D-A913-08A3692C8C7A}.Release|Any CPU.ActiveCfg = Release|Any CPU
		{51D17EBC-E576-4D1D-A913-08A3692C8C7A}.Release|Any CPU.Build.0 = Release|Any CPU
		{51D17EBC-E576-4D1D-A913-08A3692C8C7A}.Release|x64.ActiveCfg = Release|Any CPU
		{51D17EBC-E576-4D1D-A913-08A3692C8C7A}.Release|x64.Build.0 = Release|Any CPU
		{51D17EBC-E576-4D1D-A913-08A3692C8C7A}.Release|x86.ActiveCfg = Release|Any CPU
		{51D17EBC-E576-4D1D-A913-08A3692C8C7A}.Release|x86.Build.0 = Release|Any CPU
		{5D3DE148-481C-4A86-9B2C-0194E5E00DF9}.Debug|Any CPU.ActiveCfg = Debug|Any CPU
		{5D3DE148-481C-4A86-9B2C-0194E5E00DF9}.Debug|Any CPU.Build.0 = Debug|Any CPU
		{5D3DE148-481C-4A86-9B2C-0194E5E00DF9}.Debug|x64.ActiveCfg = Debug|Any CPU
		{5D3DE148-481C-4A86-9B2C-0194E5E00DF9}.Debug|x64.Build.0 = Debug|Any CPU
		{5D3DE148-481C-4A86-9B2C-0194E5E00DF9}.Debug|x86.ActiveCfg = Debug|Any CPU
		{5D3DE148-481C-4A86-9B2C-0194E5E00DF9}.Debug|x86.Build.0 = Debug|Any CPU
		{5D3DE148-481C-4A86-9B2C-0194E5E00DF9}.Release|Any CPU.ActiveCfg = Release|Any CPU
		{5D3DE148-481C-4A86-9B2C-0194E5E00DF9}.Release|Any CPU.Build.0 = Release|Any CPU
		{5D3DE148-481C-4A86-9B2C-0194E5E00DF9}.Release|x64.ActiveCfg = Release|Any CPU
		{5D3DE148-481C-4A86-9B2C-0194E5E00DF9}.Release|x64.Build.0 = Release|Any CPU
		{5D3DE148-481C-4A86-9B2C-0194E5E00DF9}.Release|x86.ActiveCfg = Release|Any CPU
		{5D3DE148-481C-4A86-9B2C-0194E5E00DF9}.Release|x86.Build.0 = Release|Any CPU
		{76607701-6351-4011-976A-390F9BE66818}.Debug|Any CPU.ActiveCfg = Debug|Any CPU
		{76607701-6351-4011-976A-390F9BE66818}.Debug|Any CPU.Build.0 = Debug|Any CPU
		{76607701-6351-4011-976A-390F9BE66818}.Debug|x64.ActiveCfg = Debug|Any CPU
		{76607701-6351-4011-976A-390F9BE66818}.Debug|x64.Build.0 = Debug|Any CPU
		{76607701-6351-4011-976A-390F9BE66818}.Debug|x86.ActiveCfg = Debug|Any CPU
		{76607701-6351-4011-976A-390F9BE66818}.Debug|x86.Build.0 = Debug|Any CPU
		{76607701-6351-4011-976A-390F9BE66818}.Release|Any CPU.ActiveCfg = Release|Any CPU
		{76607701-6351-4011-976A-390F9BE66818}.Release|Any CPU.Build.0 = Release|Any CPU
		{76607701-6351-4011-976A-390F9BE66818}.Release|x64.ActiveCfg = Release|Any CPU
		{76607701-6351-4011-976A-390F9BE66818}.Release|x64.Build.0 = Release|Any CPU
		{76607701-6351-4011-976A-390F9BE66818}.Release|x86.ActiveCfg = Release|Any CPU
		{76607701-6351-4011-976A-390F9BE66818}.Release|x86.Build.0 = Release|Any CPU
	EndGlobalSection
	GlobalSection(SolutionProperties) = preSolution
		HideSolutionNode = FALSE
	EndGlobalSection
	GlobalSection(ExtensibilityGlobals) = postSolution
		SolutionGuid = {08C35DEC-AA97-4141-927B-E88A0FF3D944}
	EndGlobalSection
EndGlobal
