
Microsoft Visual Studio Solution File, Format Version 12.00
# Visual Studio Version 17
VisualStudioVersion = 17.4.33403.182
MinimumVisualStudioVersion = 10.0.40219.1
Project("{9A19103F-16F7-4668-BE54-9A1E7A4F7556}") = "Contoso.EFRSample.HardwareStation", "HardwareStation\Contoso.EFRSample.HardwareStation.csproj", "{CCED6E3F-52D0-4B00-8F2D-270FCEC332B8}"
EndProject
Project("{9A19103F-16F7-4668-BE54-9A1E7A4F7556}") = "Contoso.EFRSample.CommerceRuntime.DataModel", "CommerceRuntime.DataModel\Contoso.EFRSample.CommerceRuntime.DataModel.csproj", "{6AFEBB70-3537-459E-9CD8-6DFCD2FCADCE}"
EndProject
Project("{9A19103F-16F7-4668-BE54-9A1E7A4F7556}") = "Contoso.EFRSample.CommerceRuntime", "CommerceRuntime\Contoso.EFRSample.CommerceRuntime.csproj", "{B2150721-809B-43ED-BC25-2D312BE89434}"
EndProject
Project("{9A19103F-16F7-4668-BE54-9A1E7A4F7556}") = "Contoso.EFRSample.HardwareStation.Installer", "HardwareStation.Installer\Contoso.EFRSample.HardwareStation.Installer.csproj", "{23FE0238-0AB8-41A8-B7A8-8D936E16E64E}"
EndProject
Project("{9A19103F-16F7-4668-BE54-9A1E7A4F7556}") = "Contoso.EFRSample.ScaleUnit.Installer", "ScaleUnit.Installer\Contoso.EFRSample.ScaleUnit.Installer.csproj", "{624DC02D-9982-4BAD-9114-6A6203E03B95}"
EndProject
Project("{9A19103F-16F7-4668-BE54-9A1E7A4F7556}") = "Contoso.EFRSample.StoreCommerce.Installer", "StoreCommerce.Installer\Contoso.EFRSample.StoreCommerce.Installer.csproj", "{92DB78EF-425B-4860-BC3D-E70B6F7D1E74}"
EndProject
Project("{9A19103F-16F7-4668-BE54-9A1E7A4F7556}") = "Contoso.EFRSample.ScaleUnit", "ScaleUnit\Contoso.EFRSample.ScaleUnit.csproj", "{E3489062-EE55-4AD3-8C49-59D4A84613BD}"
EndProject
Global
	GlobalSection(SolutionConfigurationPlatforms) = preSolution
		Debug|Any CPU = Debug|Any CPU
		Debug|x86 = Debug|x86
		Release|Any CPU = Release|Any CPU
		Release|x86 = Release|x86
	EndGlobalSection
	GlobalSection(ProjectConfigurationPlatforms) = postSolution
		{CCED6E3F-52D0-4B00-8F2D-270FCEC332B8}.Debug|Any CPU.ActiveCfg = Debug|Any CPU
		{CCED6E3F-52D0-4B00-8F2D-270FCEC332B8}.Debug|Any CPU.Build.0 = Debug|Any CPU
		{CCED6E3F-52D0-4B00-8F2D-270FCEC332B8}.Debug|x86.ActiveCfg = Debug|Any CPU
		{CCED6E3F-52D0-4B00-8F2D-270FCEC332B8}.Debug|x86.Build.0 = Debug|Any CPU
		{CCED6E3F-52D0-4B00-8F2D-270FCEC332B8}.Release|Any CPU.ActiveCfg = Release|Any CPU
		{CCED6E3F-52D0-4B00-8F2D-270FCEC332B8}.Release|Any CPU.Build.0 = Release|Any CPU
		{CCED6E3F-52D0-4B00-8F2D-270FCEC332B8}.Release|x86.ActiveCfg = Release|Any CPU
		{CCED6E3F-52D0-4B00-8F2D-270FCEC332B8}.Release|x86.Build.0 = Release|Any CPU
		{6AFEBB70-3537-459E-9CD8-6DFCD2FCADCE}.Debug|Any CPU.ActiveCfg = Debug|Any CPU
		{6AFEBB70-3537-459E-9CD8-6DFCD2FCADCE}.Debug|Any CPU.Build.0 = Debug|Any CPU
		{6AFEBB70-3537-459E-9CD8-6DFCD2FCADCE}.Debug|x86.ActiveCfg = Debug|Any CPU
		{6AFEBB70-3537-459E-9CD8-6DFCD2FCADCE}.Debug|x86.Build.0 = Debug|Any CPU
		{6AFEBB70-3537-459E-9CD8-6DFCD2FCADCE}.Release|Any CPU.ActiveCfg = Release|Any CPU
		{6AFEBB70-3537-459E-9CD8-6DFCD2FCADCE}.Release|Any CPU.Build.0 = Release|Any CPU
		{6AFEBB70-3537-459E-9CD8-6DFCD2FCADCE}.Release|x86.ActiveCfg = Release|Any CPU
		{6AFEBB70-3537-459E-9CD8-6DFCD2FCADCE}.Release|x86.Build.0 = Release|Any CPU
		{B2150721-809B-43ED-BC25-2D312BE89434}.Debug|Any CPU.ActiveCfg = Debug|Any CPU
		{B2150721-809B-43ED-BC25-2D312BE89434}.Debug|Any CPU.Build.0 = Debug|Any CPU
		{B2150721-809B-43ED-BC25-2D312BE89434}.Debug|x86.ActiveCfg = Debug|Any CPU
		{B2150721-809B-43ED-BC25-2D312BE89434}.Debug|x86.Build.0 = Debug|Any CPU
		{B2150721-809B-43ED-BC25-2D312BE89434}.Release|Any CPU.ActiveCfg = Release|Any CPU
		{B2150721-809B-43ED-BC25-2D312BE89434}.Release|Any CPU.Build.0 = Release|Any CPU
		{B2150721-809B-43ED-BC25-2D312BE89434}.Release|x86.ActiveCfg = Release|Any CPU
		{B2150721-809B-43ED-BC25-2D312BE89434}.Release|x86.Build.0 = Release|Any CPU
		{23FE0238-0AB8-41A8-B7A8-8D936E16E64E}.Debug|Any CPU.ActiveCfg = Debug|Any CPU
		{23FE0238-0AB8-41A8-B7A8-8D936E16E64E}.Debug|Any CPU.Build.0 = Debug|Any CPU
		{23FE0238-0AB8-41A8-B7A8-8D936E16E64E}.Debug|x86.ActiveCfg = Debug|Any CPU
		{23FE0238-0AB8-41A8-B7A8-8D936E16E64E}.Debug|x86.Build.0 = Debug|Any CPU
		{23FE0238-0AB8-41A8-B7A8-8D936E16E64E}.Release|Any CPU.ActiveCfg = Release|Any CPU
		{23FE0238-0AB8-41A8-B7A8-8D936E16E64E}.Release|Any CPU.Build.0 = Release|Any CPU
		{23FE0238-0AB8-41A8-B7A8-8D936E16E64E}.Release|x86.ActiveCfg = Release|Any CPU
		{23FE0238-0AB8-41A8-B7A8-8D936E16E64E}.Release|x86.Build.0 = Release|Any CPU
		{624DC02D-9982-4BAD-9114-6A6203E03B95}.Debug|Any CPU.ActiveCfg = Debug|Any CPU
		{624DC02D-9982-4BAD-9114-6A6203E03B95}.Debug|Any CPU.Build.0 = Debug|Any CPU
		{624DC02D-9982-4BAD-9114-6A6203E03B95}.Debug|x86.ActiveCfg = Debug|Any CPU
		{624DC02D-9982-4BAD-9114-6A6203E03B95}.Debug|x86.Build.0 = Debug|Any CPU
		{624DC02D-9982-4BAD-9114-6A6203E03B95}.Release|Any CPU.ActiveCfg = Release|Any CPU
		{624DC02D-9982-4BAD-9114-6A6203E03B95}.Release|Any CPU.Build.0 = Release|Any CPU
		{624DC02D-9982-4BAD-9114-6A6203E03B95}.Release|x86.ActiveCfg = Release|Any CPU
		{624DC02D-9982-4BAD-9114-6A6203E03B95}.Release|x86.Build.0 = Release|Any CPU
		{92DB78EF-425B-4860-BC3D-E70B6F7D1E74}.Debug|Any CPU.ActiveCfg = Debug|Any CPU
		{92DB78EF-425B-4860-BC3D-E70B6F7D1E74}.Debug|Any CPU.Build.0 = Debug|Any CPU
		{92DB78EF-425B-4860-BC3D-E70B6F7D1E74}.Debug|x86.ActiveCfg = Debug|Any CPU
		{92DB78EF-425B-4860-BC3D-E70B6F7D1E74}.Debug|x86.Build.0 = Debug|Any CPU
		{92DB78EF-425B-4860-BC3D-E70B6F7D1E74}.Release|Any CPU.ActiveCfg = Release|Any CPU
		{92DB78EF-425B-4860-BC3D-E70B6F7D1E74}.Release|Any CPU.Build.0 = Release|Any CPU
		{92DB78EF-425B-4860-BC3D-E70B6F7D1E74}.Release|x86.ActiveCfg = Release|Any CPU
		{92DB78EF-425B-4860-BC3D-E70B6F7D1E74}.Release|x86.Build.0 = Release|Any CPU
		{E3489062-EE55-4AD3-8C49-59D4A84613BD}.Debug|Any CPU.ActiveCfg = Debug|Any CPU
		{E3489062-EE55-4AD3-8C49-59D4A84613BD}.Debug|Any CPU.Build.0 = Debug|Any CPU
		{E3489062-EE55-4AD3-8C49-59D4A84613BD}.Debug|x86.ActiveCfg = Debug|Any CPU
		{E3489062-EE55-4AD3-8C49-59D4A84613BD}.Debug|x86.Build.0 = Debug|Any CPU
		{E3489062-EE55-4AD3-8C49-59D4A84613BD}.Release|Any CPU.ActiveCfg = Release|Any CPU
		{E3489062-EE55-4AD3-8C49-59D4A84613BD}.Release|Any CPU.Build.0 = Release|Any CPU
		{E3489062-EE55-4AD3-8C49-59D4A84613BD}.Release|x86.ActiveCfg = Release|Any CPU
		{E3489062-EE55-4AD3-8C49-59D4A84613BD}.Release|x86.Build.0 = Release|Any CPU
	EndGlobalSection
	GlobalSection(SolutionProperties) = preSolution
		HideSolutionNode = FALSE
	EndGlobalSection
	GlobalSection(ExtensibilityGlobals) = postSolution
		SolutionGuid = {23A4A03B-41FA-4121-A032-D81BEC9B3875}
	EndGlobalSection
EndGlobal
