
Microsoft Visual Studio Solution File, Format Version 12.00
# Visual Studio 15
VisualStudioVersion = 15.0.28307.1000
MinimumVisualStudioVersion = 10.0.40219.1
Project("{9A19103F-16F7-4668-BE54-9A1E7A4F7556}") = "RetailServer.Extensions.AbandonedCartSample", "RetailServer.Extensions.AbandonedCartSample.csproj", "{21FE87FE-B7C6-4B9E-8126-EC7901217AA6}"
EndProject
Global
	GlobalSection(SolutionConfigurationPlatforms) = preSolution
		Debug|Any CPU = Debug|Any CPU
		Release|Any CPU = Release|Any CPU
	EndGlobalSection
	GlobalSection(ProjectConfigurationPlatforms) = postSolution
		{21FE87FE-B7C6-4B9E-8126-EC7901217AA6}.Debug|Any CPU.ActiveCfg = Debug|Any CPU
		{21FE87FE-B7C6-4B9E-8126-EC7901217AA6}.Debug|Any CPU.Build.0 = Debug|Any CPU
		{21FE87FE-B7C6-4B9E-8126-EC7901217AA6}.Release|Any CPU.ActiveCfg = Release|Any CPU
		{21FE87FE-B7C6-4B9E-8126-EC7901217AA6}.Release|Any CPU.Build.0 = Release|Any CPU
	EndGlobalSection
	GlobalSection(SolutionProperties) = preSolution
		HideSolutionNode = FALSE
	EndGlobalSection
	GlobalSection(ExtensibilityGlobals) = postSolution
		SolutionGuid = {349B83B2-D052-4166-B73D-8A380C56D2D0}
	EndGlobalSection
EndGlobal
